// !$*UTF8*$!
{
	archiveVersion = 1;
	classes = {
	};
	objectVersion = 46;
	objects = {

/* Begin PBXBuildFile section */
		F5FED583163C679300A5E0D2 /* main.cpp in Sources */ = {isa = PBXBuildFile; fileRef = F5FED582163C679300A5E0D2 /* main.cpp */; };
		F5FED585163C679300A5E0D2 /* Myrkwood.1 in CopyFiles */ = {isa = PBXBuildFile; fileRef = F5FED584163C679300A5E0D2 /* Myrkwood.1 */; };
/* End PBXBuildFile section */

/* Begin PBXCopyFilesBuildPhase section */
		F5FED57C163C679300A5E0D2 /* CopyFiles */ = {
			isa = PBXCopyFilesBuildPhase;
			buildActionMask = 2147483647;
			dstPath = /usr/share/man/man1/;
			dstSubfolderSpec = 0;
			files = (
				F5FED585163C679300A5E0D2 /* Myrkwood.1 in CopyFiles */,
			);
			runOnlyForDeploymentPostprocessing = 1;
		};
/* End PBXCopyFilesBuildPhase section */

/* Begin PBXFileReference section */
		F5FED57E163C679300A5E0D2 /* Myrkwood */ = {isa = PBXFileReference; explicitFileType = "compiled.mach-o.executable"; includeInIndex = 0; path = Myrkwood; sourceTree = BUILT_PRODUCTS_DIR; };
		F5FED582163C679300A5E0D2 /* main.cpp */ = {isa = PBXFileReference; lastKnownFileType = sourcecode.cpp.cpp; path = main.cpp; sourceTree = "<group>"; };
		F5FED584163C679300A5E0D2 /* Myrkwood.1 */ = {isa = PBXFileReference; lastKnownFileType = text.man; path = Myrkwood.1; sourceTree = "<group>"; };
/* End PBXFileReference section */

/* Begin PBXFrameworksBuildPhase section */
		F5FED57B163C679300A5E0D2 /* Frameworks */ = {
			isa = PBXFrameworksBuildPhase;
			buildActionMask = 2147483647;
			files = (
			);
			runOnlyForDeploymentPostprocessing = 0;
		};
/* End PBXFrameworksBuildPhase section */

/* Begin PBXGroup section */
		F5FED573163C679300A5E0D2 = {
			isa = PBXGroup;
			children = (
				F5FED581163C679300A5E0D2 /* Myrkwood */,
				F5FED57F163C679300A5E0D2 /* Products */,
			);
			sourceTree = "<group>";
		};
		F5FED57F163C679300A5E0D2 /* Products */ = {
			isa = PBXGroup;
			children = (
				F5FED57E163C679300A5E0D2 /* Myrkwood */,
			);
			name = Products;
			sourceTree = "<group>";
		};
		F5FED581163C679300A5E0D2 /* Myrkwood */ = {
			isa = PBXGroup;
			children = (
				F5FED582163C679300A5E0D2 /* main.cpp */,
				F5FED584163C679300A5E0D2 /* Myrkwood.1 */,
			);
			path = Myrkwood;
			sourceTree = "<group>";
		};
/* End PBXGroup section */

/* Begin PBXNativeTarget section */
		F5FED57D163C679300A5E0D2 /* Myrkwood */ = {
			isa = PBXNativeTarget;
			buildConfigurationList = F5FED588163C679300A5E0D2 /* Build configuration list for PBXNativeTarget "Myrkwood" */;
			buildPhases = (
				F5FED57A163C679300A5E0D2 /* Sources */,
				F5FED57B163C679300A5E0D2 /* Frameworks */,
				F5FED57C163C679300A5E0D2 /* CopyFiles */,
			);
			buildRules = (
			);
			dependencies = (
			);
			name = Myrkwood;
			productName = Myrkwood;
			productReference = F5FED57E163C679300A5E0D2 /* Myrkwood */;
			productType = "com.apple.product-type.tool";
		};
/* End PBXNativeTarget section */

/* Begin PBXProject section */
		F5FED575163C679300A5E0D2 /* Project object */ = {
			isa = PBXProject;
			attributes = {
				LastUpgradeCheck = 0440;
				ORGANIZATIONNAME = UIUC;
			};
			buildConfigurationList = F5FED578163C679300A5E0D2 /* Build configuration list for PBXProject "Myrkwood" */;
			compatibilityVersion = "Xcode 3.2";
			developmentRegion = English;
			hasScannedForEncodings = 0;
			knownRegions = (
				en,
			);
			mainGroup = F5FED573163C679300A5E0D2;
			productRefGroup = F5FED57F163C679300A5E0D2 /* Products */;
			projectDirPath = "";
			projectRoot = "";
			targets = (
				F5FED57D163C679300A5E0D2 /* Myrkwood */,
			);
		};
/* End PBXProject section */

/* Begin PBXSourcesBuildPhase section */
		F5FED57A163C679300A5E0D2 /* Sources */ = {
			isa = PBXSourcesBuildPhase;
			buildActionMask = 2147483647;
			files = (
				F5FED583163C679300A5E0D2 /* main.cpp in Sources */,
			);
			runOnlyForDeploymentPostprocessing = 0;
		};
/* End PBXSourcesBuildPhase section */

/* Begin XCBuildConfiguration section */
		F5FED586163C679300A5E0D2 /* Debug */ = {
			isa = XCBuildConfiguration;
			buildSettings = {
				ALWAYS_SEARCH_USER_PATHS = NO;
				ARCHS = "$(ARCHS_STANDARD_64_BIT)";
				CLANG_CXX_LANGUAGE_STANDARD = "gnu++0x";
				CLANG_ENABLE_OBJC_ARC = YES;
				CLANG_WARN__DUPLICATE_METHOD_MATCH = YES;
				COPY_PHASE_STRIP = NO;
				GCC_C_LANGUAGE_STANDARD = gnu99;
				GCC_DYNAMIC_NO_PIC = NO;
				GCC_ENABLE_OBJC_EXCEPTIONS = YES;
				GCC_OPTIMIZATION_LEVEL = 0;
				GCC_PREPROCESSOR_DEFINITIONS = (
					"DEBUG=1",
					"$(inherited)",
				);
				GCC_SYMBOLS_PRIVATE_EXTERN = NO;
				GCC_WARN_64_TO_32_BIT_CONVERSION = YES;
				GCC_WARN_ABOUT_RETURN_TYPE = YES;
				GCC_WARN_UNINITIALIZED_AUTOS = YES;
				GCC_WARN_UNUSED_VARIABLE = YES;
				MACOSX_DEPLOYMENT_TARGET = 10.8;
				ONLY_ACTIVE_ARCH = YES;
				SDKROOT = macosx;
			};
			name = Debug;
		};
		F5FED587163C679300A5E0D2 /* Release */ = {
			isa = XCBuildConfiguration;
			buildSettings = {
				ALWAYS_SEARCH_USER_PATHS = NO;
				ARCHS = "$(ARCHS_STANDARD_64_BIT)";
				CLANG_CXX_LANGUAGE_STANDARD = "gnu++0x";
				CLANG_ENABLE_OBJC_ARC = YES;
				CLANG_WARN__DUPLICATE_METHOD_MATCH = YES;
				COPY_PHASE_STRIP = YES;
				DEBUG_INFORMATION_FORMAT = "dwarf-with-dsym";
				GCC_C_LANGUAGE_STANDARD = gnu99;
				GCC_ENABLE_OBJC_EXCEPTIONS = YES;
				GCC_WARN_64_TO_32_BIT_CONVERSION = YES;
				GCC_WARN_ABOUT_RETURN_TYPE = YES;
				GCC_WARN_UNINITIALIZED_AUTOS = YES;
				GCC_WARN_UNUSED_VARIABLE = YES;
				MACOSX_DEPLOYMENT_TARGET = 10.8;
				SDKROOT = macosx;
			};
			name = Release;
		};
		F5FED589163C679300A5E0D2 /* Debug */ = {
			isa = XCBuildConfiguration;
			buildSettings = {
				PRODUCT_NAME = "$(TARGET_NAME)";
			};
			name = Debug;
		};
		F5FED58A163C679300A5E0D2 /* Release */ = {
			isa = XCBuildConfiguration;
			buildSettings = {
				PRODUCT_NAME = "$(TARGET_NAME)";
			};
			name = Release;
		};
/* End XCBuildConfiguration section */

/* Begin XCConfigurationList section */
		F5FED578163C679300A5E0D2 /* Build configuration list for PBXProject "Myrkwood" */ = {
			isa = XCConfigurationList;
			buildConfigurations = (
				F5FED586163C679300A5E0D2 /* Debug */,
				F5FED587163C679300A5E0D2 /* Release */,
			);
			defaultConfigurationIsVisible = 0;
			defaultConfigurationName = Release;
		};
		F5FED588163C679300A5E0D2 /* Build configuration list for PBXNativeTarget "Myrkwood" */ = {
			isa = XCConfigurationList;
			buildConfigurations = (
				F5FED589163C679300A5E0D2 /* Debug */,
				F5FED58A163C679300A5E0D2 /* Release */,
			);
			defaultConfigurationIsVisible = 0;
		};
/* End XCConfigurationList section */
	};
	rootObject = F5FED575163C679300A5E0D2 /* Project object */;
}
